
Microsoft Visual Studio Solution File, Format Version 12.00
# Visual Studio Version 17
VisualStudioVersion = 17.0.31903.59
MinimumVisualStudioVersion = 10.0.40219.1
Project("{FAE04EC0-301F-11D3-BF4B-00C04F79EFBC}") = "SampleApp", "SampleApp\SampleApp.csproj", "{E98AD3AC-E5A5-47AF-85D4-6930EE2DB8BC}"
EndProject
Project("{FAE04EC0-301F-11D3-BF4B-00C04F79EFBC}") = "SampleApp.Tests", "SampleApp.Tests\SampleApp.Tests.csproj", "{CC27749D-740D-4ABC-B931-0D59A9FFCF43}"
EndProject
Global
	GlobalSection(SolutionConfigurationPlatforms) = preSolution
		Debug|Any CPU = Debug|Any CPU
		Release|Any CPU = Release|Any CPU
	EndGlobalSection
	GlobalSection(SolutionProperties) = preSolution
		HideSolutionNode = FALSE
	EndGlobalSection
	GlobalSection(ProjectConfigurationPlatforms) = postSolution
		{E98AD3AC-E5A5-47AF-85D4-6930EE2DB8BC}.Debug|Any CPU.ActiveCfg = Debug|Any CPU
		{E98AD3AC-E5A5-47AF-85D4-6930EE2DB8BC}.Debug|Any CPU.Build.0 = Debug|Any CPU
		{E98AD3AC-E5A5-47AF-85D4-6930EE2DB8BC}.Release|Any CPU.ActiveCfg = Release|Any CPU
		{E98AD3AC-E5A5-47AF-85D4-6930EE2DB8BC}.Release|Any CPU.Build.0 = Release|Any CPU
		{CC27749D-740D-4ABC-B931-0D59A9FFCF43}.Debug|Any CPU.ActiveCfg = Debug|Any CPU
		{CC27749D-740D-4ABC-B931-0D59A9FFCF43}.Debug|Any CPU.Build.0 = Debug|Any CPU
		{CC27749D-740D-4ABC-B931-0D59A9FFCF43}.Release|Any CPU.ActiveCfg = Release|Any CPU
		{CC27749D-740D-4ABC-B931-0D59A9FFCF43}.Release|Any CPU.Build.0 = Release|Any CPU
	EndGlobalSection
EndGlobal
