
Microsoft Visual Studio Solution File, Format Version 12.00
# Visual Studio Version 17
VisualStudioVersion = 17.3.32811.315
MinimumVisualStudioVersion = 10.0.40219.1
Project("{9A19103F-16F7-4668-BE54-9A1E7A4F7556}") = "AliaSQL.Core", "AliaSQL.Core\AliaSQL.Core.csproj", "{1C8083DC-FF7D-4525-8724-49FD434A02D7}"
EndProject
Project("{9A19103F-16F7-4668-BE54-9A1E7A4F7556}") = "AliaSQL.Console", "AliaSQL.Console\AliaSQL.Console.csproj", "{6C1BCF01-0508-42C0-9C95-8E9D3401400F}"
EndProject
Project("{FAE04EC0-301F-11D3-BF4B-00C04F79EFBC}") = "TarantinoShim", "TarantinoShim\TarantinoShim.csproj", "{55DDE73B-3919-40BA-9873-4491F2FD8DAE}"
EndProject
Global
	GlobalSection(SolutionConfigurationPlatforms) = preSolution
		Debug|Any CPU = Debug|Any CPU
		Release|Any CPU = Release|Any CPU
	EndGlobalSection
	GlobalSection(ProjectConfigurationPlatforms) = postSolution
		{1C8083DC-FF7D-4525-8724-49FD434A02D7}.Debug|Any CPU.ActiveCfg = Debug|Any CPU
		{1C8083DC-FF7D-4525-8724-49FD434A02D7}.Debug|Any CPU.Build.0 = Debug|Any CPU
		{1C8083DC-FF7D-4525-8724-49FD434A02D7}.Release|Any CPU.ActiveCfg = Release|Any CPU
		{1C8083DC-FF7D-4525-8724-49FD434A02D7}.Release|Any CPU.Build.0 = Release|Any CPU
		{6C1BCF01-0508-42C0-9C95-8E9D3401400F}.Debug|Any CPU.ActiveCfg = Debug|Any CPU
		{6C1BCF01-0508-42C0-9C95-8E9D3401400F}.Debug|Any CPU.Build.0 = Debug|Any CPU
		{6C1BCF01-0508-42C0-9C95-8E9D3401400F}.Release|Any CPU.ActiveCfg = Release|Any CPU
		{6C1BCF01-0508-42C0-9C95-8E9D3401400F}.Release|Any CPU.Build.0 = Release|Any CPU
		{55DDE73B-3919-40BA-9873-4491F2FD8DAE}.Debug|Any CPU.ActiveCfg = Debug|Any CPU
		{55DDE73B-3919-40BA-9873-4491F2FD8DAE}.Debug|Any CPU.Build.0 = Debug|Any CPU
		{55DDE73B-3919-40BA-9873-4491F2FD8DAE}.Release|Any CPU.ActiveCfg = Release|Any CPU
		{55DDE73B-3919-40BA-9873-4491F2FD8DAE}.Release|Any CPU.Build.0 = Release|Any CPU
	EndGlobalSection
	GlobalSection(SolutionProperties) = preSolution
		HideSolutionNode = FALSE
	EndGlobalSection
	GlobalSection(ExtensibilityGlobals) = postSolution
		SolutionGuid = {6797975F-F0FF-450D-A18A-01A8E4A59A94}
	EndGlobalSection
EndGlobal
